
Microsoft Visual Studio Solution File, Format Version 12.00
# Visual Studio Version 16
VisualStudioVersion = 16.0.31624.102
MinimumVisualStudioVersion = 10.0.40219.1
Project("{FAE04EC0-301F-11D3-BF4B-00C04F79EFBC}") = "testUKAD", "testUKAD.csproj", "{679CBC90-2C01-4AA9-9C8C-768673474946}"
EndProject
Global
	GlobalSection(SolutionConfigurationPlatforms) = preSolution
		Debug|Any CPU = Debug|Any CPU
		Release|Any CPU = Release|Any CPU
	EndGlobalSection
	GlobalSection(ProjectConfigurationPlatforms) = postSolution
		{679CBC90-2C01-4AA9-9C8C-768673474946}.Debug|Any CPU.ActiveCfg = Debug|Any CPU
		{679CBC90-2C01-4AA9-9C8C-768673474946}.Debug|Any CPU.Build.0 = Debug|Any CPU
		{679CBC90-2C01-4AA9-9C8C-768673474946}.Release|Any CPU.ActiveCfg = Release|Any CPU
		{679CBC90-2C01-4AA9-9C8C-768673474946}.Release|Any CPU.Build.0 = Release|Any CPU
	EndGlobalSection
	GlobalSection(SolutionProperties) = preSolution
		HideSolutionNode = FALSE
	EndGlobalSection
	GlobalSection(ExtensibilityGlobals) = postSolution
		SolutionGuid = {EA08CF54-EACB-454C-B795-6C61CCCD2447}
	EndGlobalSection
EndGlobal
